// !$*UTF8*$!
{
	archiveVersion = 1;
	classes = {
	};
	objectVersion = 77;
	objects = {

/* Begin PBXBuildFile section */
		02EF3800EBC71A856414B54C /* Pods_ToDoCat.framework in Frameworks */ = {isa = PBXBuildFile; fileRef = EC5AD2ECEB41515DE5C506DF /* Pods_ToDoCat.framework */; };
		F90796B92D84103D000D6136 /* BMDOHYEON.otf in Resources */ = {isa = PBXBuildFile; fileRef = F90796B82D84103D000D6136 /* BMDOHYEON.otf */; };
		F9134EC72D8C01B60056CA2E /* SearchView.swift in Sources */ = {isa = PBXBuildFile; fileRef = F9134EC62D8C01B60056CA2E /* SearchView.swift */; };
		F9134EC92D8C17DE0056CA2E /* SearchViewController.swift in Sources */ = {isa = PBXBuildFile; fileRef = F9134EC82D8C17DE0056CA2E /* SearchViewController.swift */; };
		F9134ECB2D8C57650056CA2E /* SearchViewModel.swift in Sources */ = {isa = PBXBuildFile; fileRef = F9134ECA2D8C575D0056CA2E /* SearchViewModel.swift */; };
		F916B30B2D86CC25006C4EE9 /* DetailViewModel.swift in Sources */ = {isa = PBXBuildFile; fileRef = F916B30A2D86CC09006C4EE9 /* DetailViewModel.swift */; };
		F9224C8A2D827A7F009E5220 /* CalendarView.swift in Sources */ = {isa = PBXBuildFile; fileRef = F9224C892D827A7F009E5220 /* CalendarView.swift */; };
		F9224C8C2D827D86009E5220 /* ToDoTableViewCell.swift in Sources */ = {isa = PBXBuildFile; fileRef = F9224C8B2D827D86009E5220 /* ToDoTableViewCell.swift */; };
		F9224C8E2D82962F009E5220 /* ToDoModel.swift in Sources */ = {isa = PBXBuildFile; fileRef = F9224C8D2D82960F009E5220 /* ToDoModel.swift */; };
		F9224C922D82A37D009E5220 /* ToDoTableView.swift in Sources */ = {isa = PBXBuildFile; fileRef = F9224C912D82A37D009E5220 /* ToDoTableView.swift */; };
		F9224C942D82A8C4009E5220 /* HomeViewModel.swift in Sources */ = {isa = PBXBuildFile; fileRef = F9224C932D82A8BA009E5220 /* HomeViewModel.swift */; };
		F92834BD2D8D5998001B0EA7 /* ImageEntity.swift in Sources */ = {isa = PBXBuildFile; fileRef = F92834BC2D8D5990001B0EA7 /* ImageEntity.swift */; };
		F92834BF2D8D5A27001B0EA7 /* ImageRepository.swift in Sources */ = {isa = PBXBuildFile; fileRef = F92834BE2D8D5A1A001B0EA7 /* ImageRepository.swift */; };
		F92834C12D8D5BB2001B0EA7 /* ImageService.swift in Sources */ = {isa = PBXBuildFile; fileRef = F92834C02D8D5BAD001B0EA7 /* ImageService.swift */; };
		F94655CC2D912424007EE286 /* SettingsOptionModel.swift in Sources */ = {isa = PBXBuildFile; fileRef = F94655CB2D91241B007EE286 /* SettingsOptionModel.swift */; };
		F94655CE2D912456007EE286 /* SettingsViewModel.swift in Sources */ = {isa = PBXBuildFile; fileRef = F94655CD2D91244D007EE286 /* SettingsViewModel.swift */; };
		F94655D02D912557007EE286 /* SettingsViewController.swift in Sources */ = {isa = PBXBuildFile; fileRef = F94655CF2D912557007EE286 /* SettingsViewController.swift */; };
		F94655D22D912DFD007EE286 /* Pods-ToDoCat-acknowledgements.plist in Resources */ = {isa = PBXBuildFile; fileRef = F94655D12D912DFD007EE286 /* Pods-ToDoCat-acknowledgements.plist */; };
		F94C5A372D81B48000BD8B70 /* Assets.xcassets in Resources */ = {isa = PBXBuildFile; fileRef = F94C5A2C2D81B48000BD8B70 /* Assets.xcassets */; };
		F94C5A392D81B48000BD8B70 /* LaunchScreen.storyboard in Resources */ = {isa = PBXBuildFile; fileRef = F94C5A2F2D81B48000BD8B70 /* LaunchScreen.storyboard */; };
		F94C5A3B2D81B48000BD8B70 /* AppDelegate.swift in Sources */ = {isa = PBXBuildFile; fileRef = F94C5A2B2D81B48000BD8B70 /* AppDelegate.swift */; };
		F94C5A3C2D81B48000BD8B70 /* SceneDelegate.swift in Sources */ = {isa = PBXBuildFile; fileRef = F94C5A322D81B48000BD8B70 /* SceneDelegate.swift */; };
		F94C5A3E2D81B48000BD8B70 /* HomeViewController.swift in Sources */ = {isa = PBXBuildFile; fileRef = F94C5A342D81B48000BD8B70 /* HomeViewController.swift */; };
		F94C5A472D81BA1800BD8B70 /* HomeView.swift in Sources */ = {isa = PBXBuildFile; fileRef = F94C5A462D81BA1800BD8B70 /* HomeView.swift */; };
		F94C5A492D81BDD600BD8B70 /* MainTabBarController.swift in Sources */ = {isa = PBXBuildFile; fileRef = F94C5A482D81BDD600BD8B70 /* MainTabBarController.swift */; };
		F980AAD82D9C2F1E00E91E97 /* AppCoordinator.swift in Sources */ = {isa = PBXBuildFile; fileRef = F980AAD72D9C2F1700E91E97 /* AppCoordinator.swift */; };
		F980AADA2D9C35FF00E91E97 /* HomeCoordinator.swift in Sources */ = {isa = PBXBuildFile; fileRef = F980AAD92D9C35F500E91E97 /* HomeCoordinator.swift */; };
		F980AADC2D9C361500E91E97 /* SearchCoordinator.swift in Sources */ = {isa = PBXBuildFile; fileRef = F980AADB2D9C360F00E91E97 /* SearchCoordinator.swift */; };
		F980AADE2D9C361E00E91E97 /* SettingsCoordinator.swift in Sources */ = {isa = PBXBuildFile; fileRef = F980AADD2D9C361800E91E97 /* SettingsCoordinator.swift */; };
		F980AAE02D9C385500E91E97 /* MainTabBarCoordinator.swift in Sources */ = {isa = PBXBuildFile; fileRef = F980AADF2D9C384D00E91E97 /* MainTabBarCoordinator.swift */; };
		F980AAE22D9C400C00E91E97 /* DetailCoordinator.swift in Sources */ = {isa = PBXBuildFile; fileRef = F980AAE12D9C400800E91E97 /* DetailCoordinator.swift */; };
		F99B3E8B2D83D71600879AB0 /* Constants.swift in Sources */ = {isa = PBXBuildFile; fileRef = F99B3E8A2D83D71300879AB0 /* Constants.swift */; };
		F99B3E8D2D83EC2D00879AB0 /* DetailView.swift in Sources */ = {isa = PBXBuildFile; fileRef = F99B3E8C2D83EC2D00879AB0 /* DetailView.swift */; };
		F99B3E8F2D83F30900879AB0 /* DetailViewController.swift in Sources */ = {isa = PBXBuildFile; fileRef = F99B3E8E2D83F30900879AB0 /* DetailViewController.swift */; };
		F99B3E982D83F82300879AB0 /* UIFont++.swift in Sources */ = {isa = PBXBuildFile; fileRef = F99B3E962D83F82300879AB0 /* UIFont++.swift */; };
		F9D71D472D8E8D9700B74D0D /* SettingsView.swift in Sources */ = {isa = PBXBuildFile; fileRef = F9D71D462D8E8D9700B74D0D /* SettingsView.swift */; };
		F9F9779F2D87F212006B79FE /* ToDoItemRealm.swift in Sources */ = {isa = PBXBuildFile; fileRef = F9F9779E2D87F207006B79FE /* ToDoItemRealm.swift */; };
		F9F977A12D87F3CA006B79FE /* ToDoDataManager.swift in Sources */ = {isa = PBXBuildFile; fileRef = F9F977A02D87F3C5006B79FE /* ToDoDataManager.swift */; };
		F9F977A32D8811F7006B79FE /* Date++.swift in Sources */ = {isa = PBXBuildFile; fileRef = F9F977A22D8811F2006B79FE /* Date++.swift */; };
		F9F977A52D8812B7006B79FE /* UIImage++.swift in Sources */ = {isa = PBXBuildFile; fileRef = F9F977A42D8812B3006B79FE /* UIImage++.swift */; };
		F9F977A82D881382006B79FE /* String++.swift in Sources */ = {isa = PBXBuildFile; fileRef = F9F977A72D881380006B79FE /* String++.swift */; };
/* End PBXBuildFile section */

/* Begin PBXFileReference section */
		7EAAB351FE2A7DE4AAEBADC3 /* Pods-ToDoCat.debug.xcconfig */ = {isa = PBXFileReference; includeInIndex = 1; lastKnownFileType = text.xcconfig; name = "Pods-ToDoCat.debug.xcconfig"; path = "Target Support Files/Pods-ToDoCat/Pods-ToDoCat.debug.xcconfig"; sourceTree = "<group>"; };
		9D558B246E2A5951920A9FA8 /* Pods-ToDoCat.release.xcconfig */ = {isa = PBXFileReference; includeInIndex = 1; lastKnownFileType = text.xcconfig; name = "Pods-ToDoCat.release.xcconfig"; path = "Target Support Files/Pods-ToDoCat/Pods-ToDoCat.release.xcconfig"; sourceTree = "<group>"; };
		EC5AD2ECEB41515DE5C506DF /* Pods_ToDoCat.framework */ = {isa = PBXFileReference; explicitFileType = wrapper.framework; includeInIndex = 0; path = Pods_ToDoCat.framework; sourceTree = BUILT_PRODUCTS_DIR; };
		F90796B82D84103D000D6136 /* BMDOHYEON.otf */ = {isa = PBXFileReference; lastKnownFileType = file; path = BMDOHYEON.otf; sourceTree = "<group>"; };
		F9134EC62D8C01B60056CA2E /* SearchView.swift */ = {isa = PBXFileReference; lastKnownFileType = sourcecode.swift; path = SearchView.swift; sourceTree = "<group>"; };
		F9134EC82D8C17DE0056CA2E /* SearchViewController.swift */ = {isa = PBXFileReference; lastKnownFileType = sourcecode.swift; path = SearchViewController.swift; sourceTree = "<group>"; };
		F9134ECA2D8C575D0056CA2E /* SearchViewModel.swift */ = {isa = PBXFileReference; lastKnownFileType = sourcecode.swift; path = SearchViewModel.swift; sourceTree = "<group>"; };
		F916B30A2D86CC09006C4EE9 /* DetailViewModel.swift */ = {isa = PBXFileReference; lastKnownFileType = sourcecode.swift; path = DetailViewModel.swift; sourceTree = "<group>"; };
		F9224C892D827A7F009E5220 /* CalendarView.swift */ = {isa = PBXFileReference; lastKnownFileType = sourcecode.swift; path = CalendarView.swift; sourceTree = "<group>"; };
		F9224C8B2D827D86009E5220 /* ToDoTableViewCell.swift */ = {isa = PBXFileReference; lastKnownFileType = sourcecode.swift; path = ToDoTableViewCell.swift; sourceTree = "<group>"; };
		F9224C8D2D82960F009E5220 /* ToDoModel.swift */ = {isa = PBXFileReference; lastKnownFileType = sourcecode.swift; path = ToDoModel.swift; sourceTree = "<group>"; };
		F9224C912D82A37D009E5220 /* ToDoTableView.swift */ = {isa = PBXFileReference; lastKnownFileType = sourcecode.swift; path = ToDoTableView.swift; sourceTree = "<group>"; };
		F9224C932D82A8BA009E5220 /* HomeViewModel.swift */ = {isa = PBXFileReference; lastKnownFileType = sourcecode.swift; path = HomeViewModel.swift; sourceTree = "<group>"; };
		F92834BC2D8D5990001B0EA7 /* ImageEntity.swift */ = {isa = PBXFileReference; lastKnownFileType = sourcecode.swift; path = ImageEntity.swift; sourceTree = "<group>"; };
		F92834BE2D8D5A1A001B0EA7 /* ImageRepository.swift */ = {isa = PBXFileReference; lastKnownFileType = sourcecode.swift; path = ImageRepository.swift; sourceTree = "<group>"; };
		F92834C02D8D5BAD001B0EA7 /* ImageService.swift */ = {isa = PBXFileReference; lastKnownFileType = sourcecode.swift; path = ImageService.swift; sourceTree = "<group>"; };
		F94655CB2D91241B007EE286 /* SettingsOptionModel.swift */ = {isa = PBXFileReference; lastKnownFileType = sourcecode.swift; path = SettingsOptionModel.swift; sourceTree = "<group>"; };
		F94655CD2D91244D007EE286 /* SettingsViewModel.swift */ = {isa = PBXFileReference; lastKnownFileType = sourcecode.swift; path = SettingsViewModel.swift; sourceTree = "<group>"; };
		F94655CF2D912557007EE286 /* SettingsViewController.swift */ = {isa = PBXFileReference; lastKnownFileType = sourcecode.swift; path = SettingsViewController.swift; sourceTree = "<group>"; };
		F94655D12D912DFD007EE286 /* Pods-ToDoCat-acknowledgements.plist */ = {isa = PBXFileReference; lastKnownFileType = text.plist.xml; path = "Pods-ToDoCat-acknowledgements.plist"; sourceTree = "<group>"; };
		F94C5A2B2D81B48000BD8B70 /* AppDelegate.swift */ = {isa = PBXFileReference; lastKnownFileType = sourcecode.swift; path = AppDelegate.swift; sourceTree = "<group>"; };
		F94C5A2C2D81B48000BD8B70 /* Assets.xcassets */ = {isa = PBXFileReference; lastKnownFileType = folder.assetcatalog; path = Assets.xcassets; sourceTree = "<group>"; };
		F94C5A2D2D81B48000BD8B70 /* Info.plist */ = {isa = PBXFileReference; lastKnownFileType = text.plist.xml; path = Info.plist; sourceTree = "<group>"; };
		F94C5A2E2D81B48000BD8B70 /* Base */ = {isa = PBXFileReference; lastKnownFileType = file.storyboard; name = Base; path = Base.lproj/LaunchScreen.storyboard; sourceTree = "<group>"; };
		F94C5A322D81B48000BD8B70 /* SceneDelegate.swift */ = {isa = PBXFileReference; lastKnownFileType = sourcecode.swift; path = SceneDelegate.swift; sourceTree = "<group>"; };
		F94C5A342D81B48000BD8B70 /* HomeViewController.swift */ = {isa = PBXFileReference; lastKnownFileType = sourcecode.swift; path = HomeViewController.swift; sourceTree = "<group>"; };
		F94C5A462D81BA1800BD8B70 /* HomeView.swift */ = {isa = PBXFileReference; lastKnownFileType = sourcecode.swift; path = HomeView.swift; sourceTree = "<group>"; };
		F94C5A482D81BDD600BD8B70 /* MainTabBarController.swift */ = {isa = PBXFileReference; lastKnownFileType = sourcecode.swift; path = MainTabBarController.swift; sourceTree = "<group>"; };
		F96A11DD2D81B2CE0083168A /* ToDoCat.app */ = {isa = PBXFileReference; explicitFileType = wrapper.application; includeInIndex = 0; path = ToDoCat.app; sourceTree = BUILT_PRODUCTS_DIR; };
		F980AAD72D9C2F1700E91E97 /* AppCoordinator.swift */ = {isa = PBXFileReference; lastKnownFileType = sourcecode.swift; path = AppCoordinator.swift; sourceTree = "<group>"; };
		F980AAD92D9C35F500E91E97 /* HomeCoordinator.swift */ = {isa = PBXFileReference; lastKnownFileType = sourcecode.swift; path = HomeCoordinator.swift; sourceTree = "<group>"; };
		F980AADB2D9C360F00E91E97 /* SearchCoordinator.swift */ = {isa = PBXFileReference; lastKnownFileType = sourcecode.swift; path = SearchCoordinator.swift; sourceTree = "<group>"; };
		F980AADD2D9C361800E91E97 /* SettingsCoordinator.swift */ = {isa = PBXFileReference; lastKnownFileType = sourcecode.swift; path = SettingsCoordinator.swift; sourceTree = "<group>"; };
		F980AADF2D9C384D00E91E97 /* MainTabBarCoordinator.swift */ = {isa = PBXFileReference; lastKnownFileType = sourcecode.swift; path = MainTabBarCoordinator.swift; sourceTree = "<group>"; };
		F980AAE12D9C400800E91E97 /* DetailCoordinator.swift */ = {isa = PBXFileReference; lastKnownFileType = sourcecode.swift; path = DetailCoordinator.swift; sourceTree = "<group>"; };
		F99B3E8A2D83D71300879AB0 /* Constants.swift */ = {isa = PBXFileReference; lastKnownFileType = sourcecode.swift; path = Constants.swift; sourceTree = "<group>"; };
		F99B3E8C2D83EC2D00879AB0 /* DetailView.swift */ = {isa = PBXFileReference; lastKnownFileType = sourcecode.swift; path = DetailView.swift; sourceTree = "<group>"; };
		F99B3E8E2D83F30900879AB0 /* DetailViewController.swift */ = {isa = PBXFileReference; lastKnownFileType = sourcecode.swift; path = DetailViewController.swift; sourceTree = "<group>"; };
		F99B3E962D83F82300879AB0 /* UIFont++.swift */ = {isa = PBXFileReference; lastKnownFileType = sourcecode.swift; path = "UIFont++.swift"; sourceTree = "<group>"; };
		F9B8E0412D93D60C00354808 /* ci_post_clone.sh */ = {isa = PBXFileReference; lastKnownFileType = text.script.sh; path = ci_post_clone.sh; sourceTree = "<group>"; };
		F9D71D462D8E8D9700B74D0D /* SettingsView.swift */ = {isa = PBXFileReference; lastKnownFileType = sourcecode.swift; path = SettingsView.swift; sourceTree = "<group>"; };
		F9F9779E2D87F207006B79FE /* ToDoItemRealm.swift */ = {isa = PBXFileReference; lastKnownFileType = sourcecode.swift; path = ToDoItemRealm.swift; sourceTree = "<group>"; };
		F9F977A02D87F3C5006B79FE /* ToDoDataManager.swift */ = {isa = PBXFileReference; lastKnownFileType = sourcecode.swift; path = ToDoDataManager.swift; sourceTree = "<group>"; };
		F9F977A22D8811F2006B79FE /* Date++.swift */ = {isa = PBXFileReference; lastKnownFileType = sourcecode.swift; path = "Date++.swift"; sourceTree = "<group>"; };
		F9F977A42D8812B3006B79FE /* UIImage++.swift */ = {isa = PBXFileReference; lastKnownFileType = sourcecode.swift; path = "UIImage++.swift"; sourceTree = "<group>"; };
		F9F977A72D881380006B79FE /* String++.swift */ = {isa = PBXFileReference; lastKnownFileType = sourcecode.swift; path = "String++.swift"; sourceTree = "<group>"; };
/* End PBXFileReference section */

/* Begin PBXFrameworksBuildPhase section */
		F96A11DA2D81B2CE0083168A /* Frameworks */ = {
			isa = PBXFrameworksBuildPhase;
			buildActionMask = 2147483647;
			files = (
				02EF3800EBC71A856414B54C /* Pods_ToDoCat.framework in Frameworks */,
			);
			runOnlyForDeploymentPostprocessing = 0;
		};
/* End PBXFrameworksBuildPhase section */

/* Begin PBXGroup section */
		06AC5C888F837FEB2F9E118B /* Pods */ = {
			isa = PBXGroup;
			children = (
				7EAAB351FE2A7DE4AAEBADC3 /* Pods-ToDoCat.debug.xcconfig */,
				9D558B246E2A5951920A9FA8 /* Pods-ToDoCat.release.xcconfig */,
			);
			path = Pods;
			sourceTree = "<group>";
		};
		2BF946784D2C22C8684644C7 /* Frameworks */ = {
			isa = PBXGroup;
			children = (
				EC5AD2ECEB41515DE5C506DF /* Pods_ToDoCat.framework */,
			);
			name = Frameworks;
			sourceTree = "<group>";
		};
		F90796B52D840DA0000D6136 /* fonts */ = {
			isa = PBXGroup;
			children = (
				F90796B82D84103D000D6136 /* BMDOHYEON.otf */,
			);
			path = fonts;
			sourceTree = "<group>";
		};
		F92834B82D8D592B001B0EA7 /* Network */ = {
			isa = PBXGroup;
			children = (
				F92834B92D8D593C001B0EA7 /* Entities */,
				F92834BA2D8D594D001B0EA7 /* Repositories */,
				F92834BB2D8D595F001B0EA7 /* Services */,
			);
			path = Network;
			sourceTree = "<group>";
		};
		F92834B92D8D593C001B0EA7 /* Entities */ = {
			isa = PBXGroup;
			children = (
				F92834BC2D8D5990001B0EA7 /* ImageEntity.swift */,
			);
			path = Entities;
			sourceTree = "<group>";
		};
		F92834BA2D8D594D001B0EA7 /* Repositories */ = {
			isa = PBXGroup;
			children = (
				F92834BE2D8D5A1A001B0EA7 /* ImageRepository.swift */,
			);
			path = Repositories;
			sourceTree = "<group>";
		};
		F92834BB2D8D595F001B0EA7 /* Services */ = {
			isa = PBXGroup;
			children = (
				F92834C02D8D5BAD001B0EA7 /* ImageService.swift */,
			);
			path = Services;
			sourceTree = "<group>";
		};
		F94C5A352D81B48000BD8B70 /* ToDoCat */ = {
			isa = PBXGroup;
			children = (
				F980AAD62D9C2EF700E91E97 /* Coordinator */,
				F94C5A2B2D81B48000BD8B70 /* AppDelegate.swift */,
				F94C5A322D81B48000BD8B70 /* SceneDelegate.swift */,
				F99B3E872D83D6B900879AB0 /* Helpers */,
				F99B3E972D83F82300879AB0 /* Extension */,
				F94C5A432D81B96F00BD8B70 /* Views */,
				F94C5A402D81B54300BD8B70 /* ViewModels */,
				F94C5A3F2D81B53300BD8B70 /* Models */,
				F92834B82D8D592B001B0EA7 /* Network */,
				F9F9779D2D87F1E2006B79FE /* Data */,
				F94C5A2C2D81B48000BD8B70 /* Assets.xcassets */,
				F94655D12D912DFD007EE286 /* Pods-ToDoCat-acknowledgements.plist */,
				F94C5A2D2D81B48000BD8B70 /* Info.plist */,
				F90796B52D840DA0000D6136 /* fonts */,
				F94C5A2F2D81B48000BD8B70 /* LaunchScreen.storyboard */,
			);
			path = ToDoCat;
			sourceTree = "<group>";
		};
		F94C5A3F2D81B53300BD8B70 /* Models */ = {
			isa = PBXGroup;
			children = (
				F94655CB2D91241B007EE286 /* SettingsOptionModel.swift */,
				F9224C8D2D82960F009E5220 /* ToDoModel.swift */,
			);
			path = Models;
			sourceTree = "<group>";
		};
		F94C5A402D81B54300BD8B70 /* ViewModels */ = {
			isa = PBXGroup;
			children = (
				F94655CD2D91244D007EE286 /* SettingsViewModel.swift */,
				F9134ECA2D8C575D0056CA2E /* SearchViewModel.swift */,
				F916B30A2D86CC09006C4EE9 /* DetailViewModel.swift */,
				F9224C932D82A8BA009E5220 /* HomeViewModel.swift */,
			);
			path = ViewModels;
			sourceTree = "<group>";
		};
		F94C5A422D81B55C00BD8B70 /* Controllers */ = {
			isa = PBXGroup;
			children = (
				F94C5A342D81B48000BD8B70 /* HomeViewController.swift */,
				F9134EC82D8C17DE0056CA2E /* SearchViewController.swift */,
				F99B3E8E2D83F30900879AB0 /* DetailViewController.swift */,
				F94C5A482D81BDD600BD8B70 /* MainTabBarController.swift */,
				F94655CF2D912557007EE286 /* SettingsViewController.swift */,
			);
			path = Controllers;
			sourceTree = "<group>";
		};
		F94C5A432D81B96F00BD8B70 /* Views */ = {
			isa = PBXGroup;
			children = (
				F94C5A462D81BA1800BD8B70 /* HomeView.swift */,
				F9224C892D827A7F009E5220 /* CalendarView.swift */,
				F9224C912D82A37D009E5220 /* ToDoTableView.swift */,
				F9224C8B2D827D86009E5220 /* ToDoTableViewCell.swift */,
				F99B3E8C2D83EC2D00879AB0 /* DetailView.swift */,
				F9134EC62D8C01B60056CA2E /* SearchView.swift */,
				F9D71D462D8E8D9700B74D0D /* SettingsView.swift */,
				F94C5A422D81B55C00BD8B70 /* Controllers */,
			);
			path = Views;
			sourceTree = "<group>";
		};
		F96A11D42D81B2CE0083168A = {
			isa = PBXGroup;
			children = (
				F9B8E0402D93D5F700354808 /* ci_scripts */,
				F94C5A352D81B48000BD8B70 /* ToDoCat */,
				F96A11DE2D81B2CE0083168A /* Products */,
				06AC5C888F837FEB2F9E118B /* Pods */,
				2BF946784D2C22C8684644C7 /* Frameworks */,
			);
			sourceTree = "<group>";
		};
		F96A11DE2D81B2CE0083168A /* Products */ = {
			isa = PBXGroup;
			children = (
				F96A11DD2D81B2CE0083168A /* ToDoCat.app */,
			);
			name = Products;
			sourceTree = "<group>";
		};
		F980AAD62D9C2EF700E91E97 /* Coordinator */ = {
			isa = PBXGroup;
			children = (
				F980AAD72D9C2F1700E91E97 /* AppCoordinator.swift */,
				F980AADF2D9C384D00E91E97 /* MainTabBarCoordinator.swift */,
				F980AAD92D9C35F500E91E97 /* HomeCoordinator.swift */,
				F980AADB2D9C360F00E91E97 /* SearchCoordinator.swift */,
				F980AAE12D9C400800E91E97 /* DetailCoordinator.swift */,
				F980AADD2D9C361800E91E97 /* SettingsCoordinator.swift */,
			);
			path = Coordinator;
			sourceTree = "<group>";
		};
		F99B3E872D83D6B900879AB0 /* Helpers */ = {
			isa = PBXGroup;
			children = (
				F99B3E8A2D83D71300879AB0 /* Constants.swift */,
			);
			path = Helpers;
			sourceTree = "<group>";
		};
		F99B3E972D83F82300879AB0 /* Extension */ = {
			isa = PBXGroup;
			children = (
				F9F977A72D881380006B79FE /* String++.swift */,
				F9F977A42D8812B3006B79FE /* UIImage++.swift */,
				F9F977A22D8811F2006B79FE /* Date++.swift */,
				F99B3E962D83F82300879AB0 /* UIFont++.swift */,
			);
			path = Extension;
			sourceTree = "<group>";
		};
		F9B8E0402D93D5F700354808 /* ci_scripts */ = {
			isa = PBXGroup;
			children = (
				F9B8E0412D93D60C00354808 /* ci_post_clone.sh */,
			);
			path = ci_scripts;
			sourceTree = "<group>";
		};
		F9F9779D2D87F1E2006B79FE /* Data */ = {
			isa = PBXGroup;
			children = (
				F9F9779E2D87F207006B79FE /* ToDoItemRealm.swift */,
				F9F977A02D87F3C5006B79FE /* ToDoDataManager.swift */,
			);
			path = Data;
			sourceTree = "<group>";
		};
/* End PBXGroup section */

/* Begin PBXNativeTarget section */
		F96A11DC2D81B2CE0083168A /* ToDoCat */ = {
			isa = PBXNativeTarget;
			buildConfigurationList = F96A11F32D81B2CF0083168A /* Build configuration list for PBXNativeTarget "ToDoCat" */;
			buildPhases = (
				634A1B64BA42E80FF6E8A035 /* [CP] Check Pods Manifest.lock */,
				F96A11D92D81B2CE0083168A /* Sources */,
				F96A11DA2D81B2CE0083168A /* Frameworks */,
				F96A11DB2D81B2CE0083168A /* Resources */,
				7D33E88D80D3E230AAE90FBA /* [CP] Embed Pods Frameworks */,
			);
			buildRules = (
			);
			dependencies = (
			);
			name = ToDoCat;
			productName = ToDoCat;
			productReference = F96A11DD2D81B2CE0083168A /* ToDoCat.app */;
			productType = "com.apple.product-type.application";
		};
/* End PBXNativeTarget section */

/* Begin PBXProject section */
		F96A11D52D81B2CE0083168A /* Project object */ = {
			isa = PBXProject;
			attributes = {
				BuildIndependentTargetsInParallel = 1;
				LastSwiftUpdateCheck = 1620;
				LastUpgradeCheck = 1620;
				TargetAttributes = {
					F96A11DC2D81B2CE0083168A = {
						CreatedOnToolsVersion = 16.2;
					};
				};
			};
			buildConfigurationList = F96A11D82D81B2CE0083168A /* Build configuration list for PBXProject "ToDoCat" */;
			developmentRegion = en;
			hasScannedForEncodings = 0;
			knownRegions = (
				en,
				Base,
			);
			mainGroup = F96A11D42D81B2CE0083168A;
			minimizedProjectReferenceProxies = 1;
			preferredProjectObjectVersion = 77;
			productRefGroup = F96A11DE2D81B2CE0083168A /* Products */;
			projectDirPath = "";
			projectRoot = "";
			targets = (
				F96A11DC2D81B2CE0083168A /* ToDoCat */,
			);
		};
/* End PBXProject section */

/* Begin PBXResourcesBuildPhase section */
		F96A11DB2D81B2CE0083168A /* Resources */ = {
			isa = PBXResourcesBuildPhase;
			buildActionMask = 2147483647;
			files = (
				F94C5A372D81B48000BD8B70 /* Assets.xcassets in Resources */,
				F90796B92D84103D000D6136 /* BMDOHYEON.otf in Resources */,
				F94655D22D912DFD007EE286 /* Pods-ToDoCat-acknowledgements.plist in Resources */,
				F94C5A392D81B48000BD8B70 /* LaunchScreen.storyboard in Resources */,
			);
			runOnlyForDeploymentPostprocessing = 0;
		};
/* End PBXResourcesBuildPhase section */

/* Begin PBXShellScriptBuildPhase section */
		634A1B64BA42E80FF6E8A035 /* [CP] Check Pods Manifest.lock */ = {
			isa = PBXShellScriptBuildPhase;
			buildActionMask = 2147483647;
			files = (
			);
			inputFileListPaths = (
			);
			inputPaths = (
				"${PODS_PODFILE_DIR_PATH}/Podfile.lock",
				"${PODS_ROOT}/Manifest.lock",
			);
			name = "[CP] Check Pods Manifest.lock";
			outputFileListPaths = (
			);
			outputPaths = (
				"$(DERIVED_FILE_DIR)/Pods-ToDoCat-checkManifestLockResult.txt",
			);
			runOnlyForDeploymentPostprocessing = 0;
			shellPath = /bin/sh;
			shellScript = "diff \"${PODS_PODFILE_DIR_PATH}/Podfile.lock\" \"${PODS_ROOT}/Manifest.lock\" > /dev/null\nif [ $? != 0 ] ; then\n    # print error to STDERR\n    echo \"error: The sandbox is not in sync with the Podfile.lock. Run 'pod install' or update your CocoaPods installation.\" >&2\n    exit 1\nfi\n# This output is used by Xcode 'outputs' to avoid re-running this script phase.\necho \"SUCCESS\" > \"${SCRIPT_OUTPUT_FILE_0}\"\n";
			showEnvVarsInLog = 0;
		};
		7D33E88D80D3E230AAE90FBA /* [CP] Embed Pods Frameworks */ = {
			isa = PBXShellScriptBuildPhase;
			buildActionMask = 2147483647;
			files = (
			);
			inputFileListPaths = (
				"${PODS_ROOT}/Target Support Files/Pods-ToDoCat/Pods-ToDoCat-frameworks-${CONFIGURATION}-input-files.xcfilelist",
			);
			name = "[CP] Embed Pods Frameworks";
			outputFileListPaths = (
				"${PODS_ROOT}/Target Support Files/Pods-ToDoCat/Pods-ToDoCat-frameworks-${CONFIGURATION}-output-files.xcfilelist",
			);
			runOnlyForDeploymentPostprocessing = 0;
			shellPath = /bin/sh;
			shellScript = "\"${PODS_ROOT}/Target Support Files/Pods-ToDoCat/Pods-ToDoCat-frameworks.sh\"\n";
			showEnvVarsInLog = 0;
		};
/* End PBXShellScriptBuildPhase section */

/* Begin PBXSourcesBuildPhase section */
		F96A11D92D81B2CE0083168A /* Sources */ = {
			isa = PBXSourcesBuildPhase;
			buildActionMask = 2147483647;
			files = (
				F9F977A82D881382006B79FE /* String++.swift in Sources */,
				F99B3E982D83F82300879AB0 /* UIFont++.swift in Sources */,
				F99B3E8F2D83F30900879AB0 /* DetailViewController.swift in Sources */,
				F9224C922D82A37D009E5220 /* ToDoTableView.swift in Sources */,
				F980AAD82D9C2F1E00E91E97 /* AppCoordinator.swift in Sources */,
				F99B3E8D2D83EC2D00879AB0 /* DetailView.swift in Sources */,
				F9F9779F2D87F212006B79FE /* ToDoItemRealm.swift in Sources */,
				F9F977A32D8811F7006B79FE /* Date++.swift in Sources */,
				F99B3E8B2D83D71600879AB0 /* Constants.swift in Sources */,
				F9224C8C2D827D86009E5220 /* ToDoTableViewCell.swift in Sources */,
				F9D71D472D8E8D9700B74D0D /* SettingsView.swift in Sources */,
				F94C5A3B2D81B48000BD8B70 /* AppDelegate.swift in Sources */,
				F9134EC72D8C01B60056CA2E /* SearchView.swift in Sources */,
				F980AADC2D9C361500E91E97 /* SearchCoordinator.swift in Sources */,
				F9224C942D82A8C4009E5220 /* HomeViewModel.swift in Sources */,
				F94655CC2D912424007EE286 /* SettingsOptionModel.swift in Sources */,
				F92834BF2D8D5A27001B0EA7 /* ImageRepository.swift in Sources */,
				F92834BD2D8D5998001B0EA7 /* ImageEntity.swift in Sources */,
				F94655CE2D912456007EE286 /* SettingsViewModel.swift in Sources */,
				F9134EC92D8C17DE0056CA2E /* SearchViewController.swift in Sources */,
				F94C5A472D81BA1800BD8B70 /* HomeView.swift in Sources */,
				F980AAE22D9C400C00E91E97 /* DetailCoordinator.swift in Sources */,
				F9134ECB2D8C57650056CA2E /* SearchViewModel.swift in Sources */,
				F9F977A12D87F3CA006B79FE /* ToDoDataManager.swift in Sources */,
				F9224C8A2D827A7F009E5220 /* CalendarView.swift in Sources */,
				F94C5A492D81BDD600BD8B70 /* MainTabBarController.swift in Sources */,
				F94655D02D912557007EE286 /* SettingsViewController.swift in Sources */,
				F94C5A3C2D81B48000BD8B70 /* SceneDelegate.swift in Sources */,
				F92834C12D8D5BB2001B0EA7 /* ImageService.swift in Sources */,
				F94C5A3E2D81B48000BD8B70 /* HomeViewController.swift in Sources */,
				F980AADE2D9C361E00E91E97 /* SettingsCoordinator.swift in Sources */,
				F980AAE02D9C385500E91E97 /* MainTabBarCoordinator.swift in Sources */,
				F9F977A52D8812B7006B79FE /* UIImage++.swift in Sources */,
				F980AADA2D9C35FF00E91E97 /* HomeCoordinator.swift in Sources */,
				F9224C8E2D82962F009E5220 /* ToDoModel.swift in Sources */,
				F916B30B2D86CC25006C4EE9 /* DetailViewModel.swift in Sources */,
			);
			runOnlyForDeploymentPostprocessing = 0;
		};
/* End PBXSourcesBuildPhase section */

/* Begin PBXVariantGroup section */
		F94C5A2F2D81B48000BD8B70 /* LaunchScreen.storyboard */ = {
			isa = PBXVariantGroup;
			children = (
				F94C5A2E2D81B48000BD8B70 /* Base */,
			);
			name = LaunchScreen.storyboard;
			sourceTree = "<group>";
		};
/* End PBXVariantGroup section */

/* Begin XCBuildConfiguration section */
		F96A11F42D81B2CF0083168A /* Debug */ = {
			isa = XCBuildConfiguration;
			baseConfigurationReference = 7EAAB351FE2A7DE4AAEBADC3 /* Pods-ToDoCat.debug.xcconfig */;
			buildSettings = {
				ASSETCATALOG_COMPILER_APPICON_NAME = AppIcon;
				ASSETCATALOG_COMPILER_GLOBAL_ACCENT_COLOR_NAME = AccentColor;
				CODE_SIGN_STYLE = Automatic;
				CURRENT_PROJECT_VERSION = 1.0.1;
				DEVELOPMENT_TEAM = MWBS4R8DBQ;
				GENERATE_INFOPLIST_FILE = YES;
				INFOPLIST_FILE = ToDoCat/Info.plist;
				INFOPLIST_KEY_UIApplicationSupportsIndirectInputEvents = YES;
				INFOPLIST_KEY_UILaunchStoryboardName = LaunchScreen;
				INFOPLIST_KEY_UISupportedInterfaceOrientations = UIInterfaceOrientationPortrait;
				INFOPLIST_KEY_UISupportedInterfaceOrientations_iPad = "UIInterfaceOrientationLandscapeLeft UIInterfaceOrientationLandscapeRight UIInterfaceOrientationPortrait UIInterfaceOrientationPortraitUpsideDown";
				IPHONEOS_DEPLOYMENT_TARGET = 16.0;
				LD_RUNPATH_SEARCH_PATHS = (
					"$(inherited)",
					"@executable_path/Frameworks",
				);
				MARKETING_VERSION = 1.0.1;
				OTHER_LDFLAGS = (
					"$(inherited)",
					"-l\"c++\"",
					"-l\"compression\"",
					"-l\"swiftCoreGraphics\"",
					"-l\"z\"",
					"-framework",
					"\"AcknowList\"",
					"-framework",
					"\"Alamofire\"",
					"-framework",
					"\"CFNetwork\"",
					"-framework",
					"\"Combine\"",
					"-framework",
					"\"FSCalendar\"",
					"-framework",
					"\"IQKeyboardCore\"",
					"-framework",
					"\"IQKeyboardManagerSwift\"",
					"-framework",
					"\"IQKeyboardNotification\"",
					"-framework",
					"\"IQKeyboardReturnManager\"",
					"-framework",
					"\"IQKeyboardToolbar\"",
					"-framework",
					"\"IQKeyboardToolbarManager\"",
					"-framework",
					"\"IQTextInputViewNotification\"",
					"-framework",
					"\"IQTextView\"",
					"-framework",
					"\"QuartzCore\"",
					"-framework",
					"\"Realm\"",
					"-framework",
					"\"RealmSwift\"",
					"-framework",
					"\"Security\"",
					"-framework",
					"\"SnapKit\"",
					"-framework",
					"\"Toast_Swift\"",
					"-framework",
					"\"UIKit\"",
					"-weak_framework",
					"\"SwiftUI\"",
					"-weak_framework",
					"\"UIKit\"",
					"-lc++",
				);
				PRODUCT_BUNDLE_IDENTIFIER = com.junil.ToDoCat;
				PRODUCT_NAME = "$(TARGET_NAME)";
				SUPPORTED_PLATFORMS = "iphoneos iphonesimulator";
				SUPPORTS_MACCATALYST = NO;
				SUPPORTS_MAC_DESIGNED_FOR_IPHONE_IPAD = NO;
				SUPPORTS_XR_DESIGNED_FOR_IPHONE_IPAD = NO;
				SWIFT_EMIT_LOC_STRINGS = YES;
				SWIFT_VERSION = 5.0;
				TARGETED_DEVICE_FAMILY = 1;
			};
			name = Debug;
		};
		F96A11F52D81B2CF0083168A /* Release */ = {
			isa = XCBuildConfiguration;
			baseConfigurationReference = 9D558B246E2A5951920A9FA8 /* Pods-ToDoCat.release.xcconfig */;
			buildSettings = {
				ASSETCATALOG_COMPILER_APPICON_NAME = AppIcon;
				ASSETCATALOG_COMPILER_GLOBAL_ACCENT_COLOR_NAME = AccentColor;
				CODE_SIGN_STYLE = Automatic;
				CURRENT_PROJECT_VERSION = 1.0.1;
				DEVELOPMENT_TEAM = MWBS4R8DBQ;
				GENERATE_INFOPLIST_FILE = YES;
				INFOPLIST_FILE = ToDoCat/Info.plist;
				INFOPLIST_KEY_UIApplicationSupportsIndirectInputEvents = YES;
				INFOPLIST_KEY_UILaunchStoryboardName = LaunchScreen;
				INFOPLIST_KEY_UISupportedInterfaceOrientations = UIInterfaceOrientationPortrait;
				INFOPLIST_KEY_UISupportedInterfaceOrientations_iPad = "UIInterfaceOrientationLandscapeLeft UIInterfaceOrientationLandscapeRight UIInterfaceOrientationPortrait UIInterfaceOrientationPortraitUpsideDown";
				IPHONEOS_DEPLOYMENT_TARGET = 16.0;
				LD_RUNPATH_SEARCH_PATHS = (
					"$(inherited)",
					"@executable_path/Frameworks",
				);
				MARKETING_VERSION = 1.0.1;
				OTHER_LDFLAGS = (
					"$(inherited)",
					"-lc++",
					"-l\"c++\"",
					"-l\"compression\"",
					"-l\"swiftCoreGraphics\"",
					"-l\"z\"",
					"-framework",
					"\"AcknowList\"",
					"-framework",
					"\"Alamofire\"",
					"-framework",
					"\"CFNetwork\"",
					"-framework",
					"\"Combine\"",
					"-framework",
					"\"FSCalendar\"",
					"-framework",
					"\"IQKeyboardCore\"",
					"-framework",
					"\"IQKeyboardManagerSwift\"",
					"-framework",
					"\"IQKeyboardNotification\"",
					"-framework",
					"\"IQKeyboardReturnManager\"",
					"-framework",
					"\"IQKeyboardToolbar\"",
					"-framework",
					"\"IQKeyboardToolbarManager\"",
					"-framework",
					"\"IQTextInputViewNotification\"",
					"-framework",
					"\"IQTextView\"",
					"-framework",
					"\"QuartzCore\"",
					"-framework",
					"\"Realm\"",
					"-framework",
					"\"RealmSwift\"",
					"-framework",
					"\"Security\"",
					"-framework",
					"\"SnapKit\"",
					"-framework",
					"\"Toast_Swift\"",
					"-framework",
					"\"UIKit\"",
					"-weak_framework",
					"\"SwiftUI\"",
					"-weak_framework",
					"\"UIKit\"",
				);
				PRODUCT_BUNDLE_IDENTIFIER = com.junil.ToDoCat;
				PRODUCT_NAME = "$(TARGET_NAME)";
				SUPPORTED_PLATFORMS = "iphoneos iphonesimulator";
				SUPPORTS_MACCATALYST = NO;
				SUPPORTS_MAC_DESIGNED_FOR_IPHONE_IPAD = NO;
				SUPPORTS_XR_DESIGNED_FOR_IPHONE_IPAD = NO;
				SWIFT_EMIT_LOC_STRINGS = YES;
				SWIFT_VERSION = 5.0;
				TARGETED_DEVICE_FAMILY = 1;
			};
			name = Release;
		};
		F96A11F62D81B2CF0083168A /* Debug */ = {
			isa = XCBuildConfiguration;
			buildSettings = {
				ALWAYS_SEARCH_USER_PATHS = NO;
				ASSETCATALOG_COMPILER_GENERATE_SWIFT_ASSET_SYMBOL_EXTENSIONS = YES;
				CLANG_ANALYZER_NONNULL = YES;
				CLANG_ANALYZER_NUMBER_OBJECT_CONVERSION = YES_AGGRESSIVE;
				CLANG_CXX_LANGUAGE_STANDARD = "gnu++20";
				CLANG_ENABLE_MODULES = YES;
				CLANG_ENABLE_OBJC_ARC = YES;
				CLANG_ENABLE_OBJC_WEAK = YES;
				CLANG_WARN_BLOCK_CAPTURE_AUTORELEASING = YES;
				CLANG_WARN_BOOL_CONVERSION = YES;
				CLANG_WARN_COMMA = YES;
				CLANG_WARN_CONSTANT_CONVERSION = YES;
				CLANG_WARN_DEPRECATED_OBJC_IMPLEMENTATIONS = YES;
				CLANG_WARN_DIRECT_OBJC_ISA_USAGE = YES_ERROR;
				CLANG_WARN_DOCUMENTATION_COMMENTS = YES;
				CLANG_WARN_EMPTY_BODY = YES;
				CLANG_WARN_ENUM_CONVERSION = YES;
				CLANG_WARN_INFINITE_RECURSION = YES;
				CLANG_WARN_INT_CONVERSION = YES;
				CLANG_WARN_NON_LITERAL_NULL_CONVERSION = YES;
				CLANG_WARN_OBJC_IMPLICIT_RETAIN_SELF = YES;
				CLANG_WARN_OBJC_LITERAL_CONVERSION = YES;
				CLANG_WARN_OBJC_ROOT_CLASS = YES_ERROR;
				CLANG_WARN_QUOTED_INCLUDE_IN_FRAMEWORK_HEADER = YES;
				CLANG_WARN_RANGE_LOOP_ANALYSIS = YES;
				CLANG_WARN_STRICT_PROTOTYPES = YES;
				CLANG_WARN_SUSPICIOUS_MOVE = YES;
				CLANG_WARN_UNGUARDED_AVAILABILITY = YES_AGGRESSIVE;
				CLANG_WARN_UNREACHABLE_CODE = YES;
				CLANG_WARN__DUPLICATE_METHOD_MATCH = YES;
				COPY_PHASE_STRIP = NO;
				DEBUG_INFORMATION_FORMAT = dwarf;
				ENABLE_STRICT_OBJC_MSGSEND = YES;
				ENABLE_TESTABILITY = YES;
				ENABLE_USER_SCRIPT_SANDBOXING = YES;
				GCC_C_LANGUAGE_STANDARD = gnu17;
				GCC_DYNAMIC_NO_PIC = NO;
				GCC_NO_COMMON_BLOCKS = YES;
				GCC_OPTIMIZATION_LEVEL = 0;
				GCC_PREPROCESSOR_DEFINITIONS = (
					"DEBUG=1",
					"$(inherited)",
				);
				GCC_WARN_64_TO_32_BIT_CONVERSION = YES;
				GCC_WARN_ABOUT_RETURN_TYPE = YES_ERROR;
				GCC_WARN_UNDECLARED_SELECTOR = YES;
				GCC_WARN_UNINITIALIZED_AUTOS = YES_AGGRESSIVE;
				GCC_WARN_UNUSED_FUNCTION = YES;
				GCC_WARN_UNUSED_VARIABLE = YES;
				IPHONEOS_DEPLOYMENT_TARGET = 16.6;
				LOCALIZATION_PREFERS_STRING_CATALOGS = YES;
				MTL_ENABLE_DEBUG_INFO = INCLUDE_SOURCE;
				MTL_FAST_MATH = YES;
				ONLY_ACTIVE_ARCH = YES;
				SDKROOT = iphoneos;
				SWIFT_ACTIVE_COMPILATION_CONDITIONS = "DEBUG $(inherited)";
				SWIFT_OPTIMIZATION_LEVEL = "-Onone";
			};
			name = Debug;
		};
		F96A11F72D81B2CF0083168A /* Release */ = {
			isa = XCBuildConfiguration;
			buildSettings = {
				ALWAYS_SEARCH_USER_PATHS = NO;
				ASSETCATALOG_COMPILER_GENERATE_SWIFT_ASSET_SYMBOL_EXTENSIONS = YES;
				CLANG_ANALYZER_NONNULL = YES;
				CLANG_ANALYZER_NUMBER_OBJECT_CONVERSION = YES_AGGRESSIVE;
				CLANG_CXX_LANGUAGE_STANDARD = "gnu++20";
				CLANG_ENABLE_MODULES = YES;
				CLANG_ENABLE_OBJC_ARC = YES;
				CLANG_ENABLE_OBJC_WEAK = YES;
				CLANG_WARN_BLOCK_CAPTURE_AUTORELEASING = YES;
				CLANG_WARN_BOOL_CONVERSION = YES;
				CLANG_WARN_COMMA = YES;
				CLANG_WARN_CONSTANT_CONVERSION = YES;
				CLANG_WARN_DEPRECATED_OBJC_IMPLEMENTATIONS = YES;
				CLANG_WARN_DIRECT_OBJC_ISA_USAGE = YES_ERROR;
				CLANG_WARN_DOCUMENTATION_COMMENTS = YES;
				CLANG_WARN_EMPTY_BODY = YES;
				CLANG_WARN_ENUM_CONVERSION = YES;
				CLANG_WARN_INFINITE_RECURSION = YES;
				CLANG_WARN_INT_CONVERSION = YES;
				CLANG_WARN_NON_LITERAL_NULL_CONVERSION = YES;
				CLANG_WARN_OBJC_IMPLICIT_RETAIN_SELF = YES;
				CLANG_WARN_OBJC_LITERAL_CONVERSION = YES;
				CLANG_WARN_OBJC_ROOT_CLASS = YES_ERROR;
				CLANG_WARN_QUOTED_INCLUDE_IN_FRAMEWORK_HEADER = YES;
				CLANG_WARN_RANGE_LOOP_ANALYSIS = YES;
				CLANG_WARN_STRICT_PROTOTYPES = YES;
				CLANG_WARN_SUSPICIOUS_MOVE = YES;
				CLANG_WARN_UNGUARDED_AVAILABILITY = YES_AGGRESSIVE;
				CLANG_WARN_UNREACHABLE_CODE = YES;
				CLANG_WARN__DUPLICATE_METHOD_MATCH = YES;
				COPY_PHASE_STRIP = NO;
				DEBUG_INFORMATION_FORMAT = "dwarf-with-dsym";
				ENABLE_NS_ASSERTIONS = NO;
				ENABLE_STRICT_OBJC_MSGSEND = YES;
				ENABLE_USER_SCRIPT_SANDBOXING = YES;
				GCC_C_LANGUAGE_STANDARD = gnu17;
				GCC_NO_COMMON_BLOCKS = YES;
				GCC_WARN_64_TO_32_BIT_CONVERSION = YES;
				GCC_WARN_ABOUT_RETURN_TYPE = YES_ERROR;
				GCC_WARN_UNDECLARED_SELECTOR = YES;
				GCC_WARN_UNINITIALIZED_AUTOS = YES_AGGRESSIVE;
				GCC_WARN_UNUSED_FUNCTION = YES;
				GCC_WARN_UNUSED_VARIABLE = YES;
				IPHONEOS_DEPLOYMENT_TARGET = 16.6;
				LOCALIZATION_PREFERS_STRING_CATALOGS = YES;
				MTL_ENABLE_DEBUG_INFO = NO;
				MTL_FAST_MATH = YES;
				SDKROOT = iphoneos;
				SWIFT_COMPILATION_MODE = wholemodule;
				VALIDATE_PRODUCT = YES;
			};
			name = Release;
		};
/* End XCBuildConfiguration section */

/* Begin XCConfigurationList section */
		F96A11D82D81B2CE0083168A /* Build configuration list for PBXProject "ToDoCat" */ = {
			isa = XCConfigurationList;
			buildConfigurations = (
				F96A11F62D81B2CF0083168A /* Debug */,
				F96A11F72D81B2CF0083168A /* Release */,
			);
			defaultConfigurationIsVisible = 0;
			defaultConfigurationName = Release;
		};
		F96A11F32D81B2CF0083168A /* Build configuration list for PBXNativeTarget "ToDoCat" */ = {
			isa = XCConfigurationList;
			buildConfigurations = (
				F96A11F42D81B2CF0083168A /* Debug */,
				F96A11F52D81B2CF0083168A /* Release */,
			);
			defaultConfigurationIsVisible = 0;
			defaultConfigurationName = Release;
		};
/* End XCConfigurationList section */
	};
	rootObject = F96A11D52D81B2CE0083168A /* Project object */;
}
