// !$*UTF8*$!
{
	archiveVersion = 1;
	classes = {
	};
	objectVersion = 77;
	objects = {

/* Begin PBXBuildFile section */
		0CEC90D4897A13088D2BC63E /* Pods_ToDoCat.framework in Frameworks */ = {isa = PBXBuildFile; fileRef = 1B175CC31787362EF9F43532 /* Pods_ToDoCat.framework */; };
		F9224C8A2D827A7F009E5220 /* CalendarView.swift in Sources */ = {isa = PBXBuildFile; fileRef = F9224C892D827A7F009E5220 /* CalendarView.swift */; };
		F9224C8C2D827D86009E5220 /* ToDoTableViewCell.swift in Sources */ = {isa = PBXBuildFile; fileRef = F9224C8B2D827D86009E5220 /* ToDoTableViewCell.swift */; };
		F9224C8E2D82962F009E5220 /* ToDoModel.swift in Sources */ = {isa = PBXBuildFile; fileRef = F9224C8D2D82960F009E5220 /* ToDoModel.swift */; };
		F9224C922D82A37D009E5220 /* ToDoTableView.swift in Sources */ = {isa = PBXBuildFile; fileRef = F9224C912D82A37D009E5220 /* ToDoTableView.swift */; };
		F9224C942D82A8C4009E5220 /* HomeViewModel.swift in Sources */ = {isa = PBXBuildFile; fileRef = F9224C932D82A8BA009E5220 /* HomeViewModel.swift */; };
		F94C5A372D81B48000BD8B70 /* Assets.xcassets in Resources */ = {isa = PBXBuildFile; fileRef = F94C5A2C2D81B48000BD8B70 /* Assets.xcassets */; };
		F94C5A392D81B48000BD8B70 /* LaunchScreen.storyboard in Resources */ = {isa = PBXBuildFile; fileRef = F94C5A2F2D81B48000BD8B70 /* LaunchScreen.storyboard */; };
		F94C5A3B2D81B48000BD8B70 /* AppDelegate.swift in Sources */ = {isa = PBXBuildFile; fileRef = F94C5A2B2D81B48000BD8B70 /* AppDelegate.swift */; };
		F94C5A3C2D81B48000BD8B70 /* SceneDelegate.swift in Sources */ = {isa = PBXBuildFile; fileRef = F94C5A322D81B48000BD8B70 /* SceneDelegate.swift */; };
		F94C5A3E2D81B48000BD8B70 /* HomeViewController.swift in Sources */ = {isa = PBXBuildFile; fileRef = F94C5A342D81B48000BD8B70 /* HomeViewController.swift */; };
		F94C5A472D81BA1800BD8B70 /* HomeView.swift in Sources */ = {isa = PBXBuildFile; fileRef = F94C5A462D81BA1800BD8B70 /* HomeView.swift */; };
		F94C5A492D81BDD600BD8B70 /* MainTabBarController.swift in Sources */ = {isa = PBXBuildFile; fileRef = F94C5A482D81BDD600BD8B70 /* MainTabBarController.swift */; };
		F99B3E862D83D5FC00879AB0 /* BMDOHYEON_otf.otf in Resources */ = {isa = PBXBuildFile; fileRef = F99B3E852D83D5FC00879AB0 /* BMDOHYEON_otf.otf */; };
		F99B3E8B2D83D71600879AB0 /* Constants.swift in Sources */ = {isa = PBXBuildFile; fileRef = F99B3E8A2D83D71300879AB0 /* Constants.swift */; };
/* End PBXBuildFile section */

/* Begin PBXFileReference section */
		1B175CC31787362EF9F43532 /* Pods_ToDoCat.framework */ = {isa = PBXFileReference; explicitFileType = wrapper.framework; includeInIndex = 0; path = Pods_ToDoCat.framework; sourceTree = BUILT_PRODUCTS_DIR; };
		2F509F292C34EBE734B1FB7B /* Pods-ToDoCat.debug.xcconfig */ = {isa = PBXFileReference; includeInIndex = 1; lastKnownFileType = text.xcconfig; name = "Pods-ToDoCat.debug.xcconfig"; path = "Target Support Files/Pods-ToDoCat/Pods-ToDoCat.debug.xcconfig"; sourceTree = "<group>"; };
		C87F012325C11B6DE0F03D09 /* Pods-ToDoCat.release.xcconfig */ = {isa = PBXFileReference; includeInIndex = 1; lastKnownFileType = text.xcconfig; name = "Pods-ToDoCat.release.xcconfig"; path = "Target Support Files/Pods-ToDoCat/Pods-ToDoCat.release.xcconfig"; sourceTree = "<group>"; };
		F9224C892D827A7F009E5220 /* CalendarView.swift */ = {isa = PBXFileReference; lastKnownFileType = sourcecode.swift; path = CalendarView.swift; sourceTree = "<group>"; };
		F9224C8B2D827D86009E5220 /* ToDoTableViewCell.swift */ = {isa = PBXFileReference; lastKnownFileType = sourcecode.swift; path = ToDoTableViewCell.swift; sourceTree = "<group>"; };
		F9224C8D2D82960F009E5220 /* ToDoModel.swift */ = {isa = PBXFileReference; lastKnownFileType = sourcecode.swift; path = ToDoModel.swift; sourceTree = "<group>"; };
		F9224C912D82A37D009E5220 /* ToDoTableView.swift */ = {isa = PBXFileReference; lastKnownFileType = sourcecode.swift; path = ToDoTableView.swift; sourceTree = "<group>"; };
		F9224C932D82A8BA009E5220 /* HomeViewModel.swift */ = {isa = PBXFileReference; lastKnownFileType = sourcecode.swift; path = HomeViewModel.swift; sourceTree = "<group>"; };
		F94C5A2B2D81B48000BD8B70 /* AppDelegate.swift */ = {isa = PBXFileReference; lastKnownFileType = sourcecode.swift; path = AppDelegate.swift; sourceTree = "<group>"; };
		F94C5A2C2D81B48000BD8B70 /* Assets.xcassets */ = {isa = PBXFileReference; lastKnownFileType = folder.assetcatalog; path = Assets.xcassets; sourceTree = "<group>"; };
		F94C5A2D2D81B48000BD8B70 /* Info.plist */ = {isa = PBXFileReference; lastKnownFileType = text.plist.xml; path = Info.plist; sourceTree = "<group>"; };
		F94C5A2E2D81B48000BD8B70 /* Base */ = {isa = PBXFileReference; lastKnownFileType = file.storyboard; name = Base; path = Base.lproj/LaunchScreen.storyboard; sourceTree = "<group>"; };
		F94C5A322D81B48000BD8B70 /* SceneDelegate.swift */ = {isa = PBXFileReference; lastKnownFileType = sourcecode.swift; path = SceneDelegate.swift; sourceTree = "<group>"; };
		F94C5A342D81B48000BD8B70 /* HomeViewController.swift */ = {isa = PBXFileReference; lastKnownFileType = sourcecode.swift; path = HomeViewController.swift; sourceTree = "<group>"; };
		F94C5A462D81BA1800BD8B70 /* HomeView.swift */ = {isa = PBXFileReference; lastKnownFileType = sourcecode.swift; path = HomeView.swift; sourceTree = "<group>"; };
		F94C5A482D81BDD600BD8B70 /* MainTabBarController.swift */ = {isa = PBXFileReference; lastKnownFileType = sourcecode.swift; path = MainTabBarController.swift; sourceTree = "<group>"; };
		F96A11DD2D81B2CE0083168A /* ToDoCat.app */ = {isa = PBXFileReference; explicitFileType = wrapper.application; includeInIndex = 0; path = ToDoCat.app; sourceTree = BUILT_PRODUCTS_DIR; };
		F99B3E852D83D5FC00879AB0 /* BMDOHYEON_otf.otf */ = {isa = PBXFileReference; lastKnownFileType = file; path = BMDOHYEON_otf.otf; sourceTree = "<group>"; };
		F99B3E8A2D83D71300879AB0 /* Constants.swift */ = {isa = PBXFileReference; lastKnownFileType = sourcecode.swift; path = Constants.swift; sourceTree = "<group>"; };
/* End PBXFileReference section */

/* Begin PBXFrameworksBuildPhase section */
		F96A11DA2D81B2CE0083168A /* Frameworks */ = {
			isa = PBXFrameworksBuildPhase;
			buildActionMask = 2147483647;
			files = (
				0CEC90D4897A13088D2BC63E /* Pods_ToDoCat.framework in Frameworks */,
			);
			runOnlyForDeploymentPostprocessing = 0;
		};
/* End PBXFrameworksBuildPhase section */

/* Begin PBXGroup section */
		06AC5C888F837FEB2F9E118B /* Pods */ = {
			isa = PBXGroup;
			children = (
				2F509F292C34EBE734B1FB7B /* Pods-ToDoCat.debug.xcconfig */,
				C87F012325C11B6DE0F03D09 /* Pods-ToDoCat.release.xcconfig */,
			);
			path = Pods;
			sourceTree = "<group>";
		};
		4D970F2F2BF0413446CC4084 /* Frameworks */ = {
			isa = PBXGroup;
			children = (
				1B175CC31787362EF9F43532 /* Pods_ToDoCat.framework */,
			);
			name = Frameworks;
			sourceTree = "<group>";
		};
		F94C5A352D81B48000BD8B70 /* ToDoCat */ = {
			isa = PBXGroup;
			children = (
				F94C5A2B2D81B48000BD8B70 /* AppDelegate.swift */,
				F94C5A322D81B48000BD8B70 /* SceneDelegate.swift */,
				F99B3E872D83D6B900879AB0 /* Helpers */,
				F94C5A432D81B96F00BD8B70 /* Views */,
				F94C5A402D81B54300BD8B70 /* ViewModels */,
				F94C5A3F2D81B53300BD8B70 /* Models */,
				F94C5A2C2D81B48000BD8B70 /* Assets.xcassets */,
				F94C5A2D2D81B48000BD8B70 /* Info.plist */,
				F99B3E852D83D5FC00879AB0 /* BMDOHYEON_otf.otf */,
				F94C5A2F2D81B48000BD8B70 /* LaunchScreen.storyboard */,
			);
			path = ToDoCat;
			sourceTree = "<group>";
		};
		F94C5A3F2D81B53300BD8B70 /* Models */ = {
			isa = PBXGroup;
			children = (
				F9224C8D2D82960F009E5220 /* ToDoModel.swift */,
			);
			path = Models;
			sourceTree = "<group>";
		};
		F94C5A402D81B54300BD8B70 /* ViewModels */ = {
			isa = PBXGroup;
			children = (
				F9224C932D82A8BA009E5220 /* HomeViewModel.swift */,
			);
			path = ViewModels;
			sourceTree = "<group>";
		};
		F94C5A422D81B55C00BD8B70 /* Controllers */ = {
			isa = PBXGroup;
			children = (
				F94C5A342D81B48000BD8B70 /* HomeViewController.swift */,
				F94C5A482D81BDD600BD8B70 /* MainTabBarController.swift */,
			);
			path = Controllers;
			sourceTree = "<group>";
		};
		F94C5A432D81B96F00BD8B70 /* Views */ = {
			isa = PBXGroup;
			children = (
				F94C5A462D81BA1800BD8B70 /* HomeView.swift */,
				F9224C892D827A7F009E5220 /* CalendarView.swift */,
				F9224C912D82A37D009E5220 /* ToDoTableView.swift */,
				F9224C8B2D827D86009E5220 /* ToDoTableViewCell.swift */,
				F94C5A422D81B55C00BD8B70 /* Controllers */,
			);
			path = Views;
			sourceTree = "<group>";
		};
		F96A11D42D81B2CE0083168A = {
			isa = PBXGroup;
			children = (
				F94C5A352D81B48000BD8B70 /* ToDoCat */,
				F96A11DE2D81B2CE0083168A /* Products */,
				06AC5C888F837FEB2F9E118B /* Pods */,
				4D970F2F2BF0413446CC4084 /* Frameworks */,
			);
			sourceTree = "<group>";
		};
		F96A11DE2D81B2CE0083168A /* Products */ = {
			isa = PBXGroup;
			children = (
				F96A11DD2D81B2CE0083168A /* ToDoCat.app */,
			);
			name = Products;
			sourceTree = "<group>";
		};
		F99B3E872D83D6B900879AB0 /* Helpers */ = {
			isa = PBXGroup;
			children = (
				F99B3E8A2D83D71300879AB0 /* Constants.swift */,
			);
			path = Helpers;
			sourceTree = "<group>";
		};
/* End PBXGroup section */

/* Begin PBXNativeTarget section */
		F96A11DC2D81B2CE0083168A /* ToDoCat */ = {
			isa = PBXNativeTarget;
			buildConfigurationList = F96A11F32D81B2CF0083168A /* Build configuration list for PBXNativeTarget "ToDoCat" */;
			buildPhases = (
				E40BB605163469EEBB7D957F /* [CP] Check Pods Manifest.lock */,
				F96A11D92D81B2CE0083168A /* Sources */,
				F96A11DA2D81B2CE0083168A /* Frameworks */,
				F96A11DB2D81B2CE0083168A /* Resources */,
				C81AD9DAFF89C2F8E562F45E /* [CP] Embed Pods Frameworks */,
			);
			buildRules = (
			);
			dependencies = (
			);
			name = ToDoCat;
			productName = ToDoCat;
			productReference = F96A11DD2D81B2CE0083168A /* ToDoCat.app */;
			productType = "com.apple.product-type.application";
		};
/* End PBXNativeTarget section */

/* Begin PBXProject section */
		F96A11D52D81B2CE0083168A /* Project object */ = {
			isa = PBXProject;
			attributes = {
				BuildIndependentTargetsInParallel = 1;
				LastSwiftUpdateCheck = 1620;
				LastUpgradeCheck = 1620;
				TargetAttributes = {
					F96A11DC2D81B2CE0083168A = {
						CreatedOnToolsVersion = 16.2;
					};
				};
			};
			buildConfigurationList = F96A11D82D81B2CE0083168A /* Build configuration list for PBXProject "ToDoCat" */;
			developmentRegion = en;
			hasScannedForEncodings = 0;
			knownRegions = (
				en,
				Base,
			);
			mainGroup = F96A11D42D81B2CE0083168A;
			minimizedProjectReferenceProxies = 1;
			preferredProjectObjectVersion = 77;
			productRefGroup = F96A11DE2D81B2CE0083168A /* Products */;
			projectDirPath = "";
			projectRoot = "";
			targets = (
				F96A11DC2D81B2CE0083168A /* ToDoCat */,
			);
		};
/* End PBXProject section */

/* Begin PBXResourcesBuildPhase section */
		F96A11DB2D81B2CE0083168A /* Resources */ = {
			isa = PBXResourcesBuildPhase;
			buildActionMask = 2147483647;
			files = (
				F94C5A372D81B48000BD8B70 /* Assets.xcassets in Resources */,
				F94C5A392D81B48000BD8B70 /* LaunchScreen.storyboard in Resources */,
				F99B3E862D83D5FC00879AB0 /* BMDOHYEON_otf.otf in Resources */,
			);
			runOnlyForDeploymentPostprocessing = 0;
		};
/* End PBXResourcesBuildPhase section */

/* Begin PBXShellScriptBuildPhase section */
		C81AD9DAFF89C2F8E562F45E /* [CP] Embed Pods Frameworks */ = {
			isa = PBXShellScriptBuildPhase;
			buildActionMask = 2147483647;
			files = (
			);
			inputFileListPaths = (
				"${PODS_ROOT}/Target Support Files/Pods-ToDoCat/Pods-ToDoCat-frameworks-${CONFIGURATION}-input-files.xcfilelist",
			);
			name = "[CP] Embed Pods Frameworks";
			outputFileListPaths = (
				"${PODS_ROOT}/Target Support Files/Pods-ToDoCat/Pods-ToDoCat-frameworks-${CONFIGURATION}-output-files.xcfilelist",
			);
			runOnlyForDeploymentPostprocessing = 0;
			shellPath = /bin/sh;
			shellScript = "\"${PODS_ROOT}/Target Support Files/Pods-ToDoCat/Pods-ToDoCat-frameworks.sh\"\n";
			showEnvVarsInLog = 0;
		};
		E40BB605163469EEBB7D957F /* [CP] Check Pods Manifest.lock */ = {
			isa = PBXShellScriptBuildPhase;
			buildActionMask = 2147483647;
			files = (
			);
			inputFileListPaths = (
			);
			inputPaths = (
				"${PODS_PODFILE_DIR_PATH}/Podfile.lock",
				"${PODS_ROOT}/Manifest.lock",
			);
			name = "[CP] Check Pods Manifest.lock";
			outputFileListPaths = (
			);
			outputPaths = (
				"$(DERIVED_FILE_DIR)/Pods-ToDoCat-checkManifestLockResult.txt",
			);
			runOnlyForDeploymentPostprocessing = 0;
			shellPath = /bin/sh;
			shellScript = "diff \"${PODS_PODFILE_DIR_PATH}/Podfile.lock\" \"${PODS_ROOT}/Manifest.lock\" > /dev/null\nif [ $? != 0 ] ; then\n    # print error to STDERR\n    echo \"error: The sandbox is not in sync with the Podfile.lock. Run 'pod install' or update your CocoaPods installation.\" >&2\n    exit 1\nfi\n# This output is used by Xcode 'outputs' to avoid re-running this script phase.\necho \"SUCCESS\" > \"${SCRIPT_OUTPUT_FILE_0}\"\n";
			showEnvVarsInLog = 0;
		};
/* End PBXShellScriptBuildPhase section */

/* Begin PBXSourcesBuildPhase section */
		F96A11D92D81B2CE0083168A /* Sources */ = {
			isa = PBXSourcesBuildPhase;
			buildActionMask = 2147483647;
			files = (
				F9224C922D82A37D009E5220 /* ToDoTableView.swift in Sources */,
				F99B3E8B2D83D71600879AB0 /* Constants.swift in Sources */,
				F9224C8C2D827D86009E5220 /* ToDoTableViewCell.swift in Sources */,
				F94C5A3B2D81B48000BD8B70 /* AppDelegate.swift in Sources */,
				F9224C942D82A8C4009E5220 /* HomeViewModel.swift in Sources */,
				F94C5A472D81BA1800BD8B70 /* HomeView.swift in Sources */,
				F9224C8A2D827A7F009E5220 /* CalendarView.swift in Sources */,
				F94C5A492D81BDD600BD8B70 /* MainTabBarController.swift in Sources */,
				F94C5A3C2D81B48000BD8B70 /* SceneDelegate.swift in Sources */,
				F94C5A3E2D81B48000BD8B70 /* HomeViewController.swift in Sources */,
				F9224C8E2D82962F009E5220 /* ToDoModel.swift in Sources */,
			);
			runOnlyForDeploymentPostprocessing = 0;
		};
/* End PBXSourcesBuildPhase section */

/* Begin PBXVariantGroup section */
		F94C5A2F2D81B48000BD8B70 /* LaunchScreen.storyboard */ = {
			isa = PBXVariantGroup;
			children = (
				F94C5A2E2D81B48000BD8B70 /* Base */,
			);
			name = LaunchScreen.storyboard;
			sourceTree = "<group>";
		};
/* End PBXVariantGroup section */

/* Begin XCBuildConfiguration section */
		F96A11F42D81B2CF0083168A /* Debug */ = {
			isa = XCBuildConfiguration;
			baseConfigurationReference = 2F509F292C34EBE734B1FB7B /* Pods-ToDoCat.debug.xcconfig */;
			buildSettings = {
				ASSETCATALOG_COMPILER_APPICON_NAME = AppIcon;
				ASSETCATALOG_COMPILER_GLOBAL_ACCENT_COLOR_NAME = AccentColor;
				CODE_SIGN_STYLE = Automatic;
				CURRENT_PROJECT_VERSION = 1;
				DEVELOPMENT_TEAM = MWBS4R8DBQ;
				GENERATE_INFOPLIST_FILE = YES;
				INFOPLIST_FILE = ToDoCat/Info.plist;
				INFOPLIST_KEY_UIApplicationSupportsIndirectInputEvents = YES;
				INFOPLIST_KEY_UILaunchStoryboardName = LaunchScreen;
				INFOPLIST_KEY_UISupportedInterfaceOrientations_iPad = "UIInterfaceOrientationPortrait UIInterfaceOrientationPortraitUpsideDown UIInterfaceOrientationLandscapeLeft UIInterfaceOrientationLandscapeRight";
				INFOPLIST_KEY_UISupportedInterfaceOrientations_iPhone = "UIInterfaceOrientationPortrait UIInterfaceOrientationLandscapeLeft UIInterfaceOrientationLandscapeRight";
				IPHONEOS_DEPLOYMENT_TARGET = 16.6;
				LD_RUNPATH_SEARCH_PATHS = (
					"$(inherited)",
					"@executable_path/Frameworks",
				);
				MARKETING_VERSION = 1.0;
				PRODUCT_BUNDLE_IDENTIFIER = com.junil.ToDoCat;
				PRODUCT_NAME = "$(TARGET_NAME)";
				SUPPORTED_PLATFORMS = "iphoneos iphonesimulator";
				SUPPORTS_MACCATALYST = NO;
				SUPPORTS_MAC_DESIGNED_FOR_IPHONE_IPAD = NO;
				SUPPORTS_XR_DESIGNED_FOR_IPHONE_IPAD = NO;
				SWIFT_EMIT_LOC_STRINGS = YES;
				SWIFT_VERSION = 5.0;
				TARGETED_DEVICE_FAMILY = 1;
			};
			name = Debug;
		};
		F96A11F52D81B2CF0083168A /* Release */ = {
			isa = XCBuildConfiguration;
			baseConfigurationReference = C87F012325C11B6DE0F03D09 /* Pods-ToDoCat.release.xcconfig */;
			buildSettings = {
				ASSETCATALOG_COMPILER_APPICON_NAME = AppIcon;
				ASSETCATALOG_COMPILER_GLOBAL_ACCENT_COLOR_NAME = AccentColor;
				CODE_SIGN_STYLE = Automatic;
				CURRENT_PROJECT_VERSION = 1;
				DEVELOPMENT_TEAM = MWBS4R8DBQ;
				GENERATE_INFOPLIST_FILE = YES;
				INFOPLIST_FILE = ToDoCat/Info.plist;
				INFOPLIST_KEY_UIApplicationSupportsIndirectInputEvents = YES;
				INFOPLIST_KEY_UILaunchStoryboardName = LaunchScreen;
				INFOPLIST_KEY_UISupportedInterfaceOrientations_iPad = "UIInterfaceOrientationPortrait UIInterfaceOrientationPortraitUpsideDown UIInterfaceOrientationLandscapeLeft UIInterfaceOrientationLandscapeRight";
				INFOPLIST_KEY_UISupportedInterfaceOrientations_iPhone = "UIInterfaceOrientationPortrait UIInterfaceOrientationLandscapeLeft UIInterfaceOrientationLandscapeRight";
				IPHONEOS_DEPLOYMENT_TARGET = 16.6;
				LD_RUNPATH_SEARCH_PATHS = (
					"$(inherited)",
					"@executable_path/Frameworks",
				);
				MARKETING_VERSION = 1.0;
				PRODUCT_BUNDLE_IDENTIFIER = com.junil.ToDoCat;
				PRODUCT_NAME = "$(TARGET_NAME)";
				SUPPORTED_PLATFORMS = "iphoneos iphonesimulator";
				SUPPORTS_MACCATALYST = NO;
				SUPPORTS_MAC_DESIGNED_FOR_IPHONE_IPAD = NO;
				SUPPORTS_XR_DESIGNED_FOR_IPHONE_IPAD = NO;
				SWIFT_EMIT_LOC_STRINGS = YES;
				SWIFT_VERSION = 5.0;
				TARGETED_DEVICE_FAMILY = 1;
			};
			name = Release;
		};
		F96A11F62D81B2CF0083168A /* Debug */ = {
			isa = XCBuildConfiguration;
			buildSettings = {
				ALWAYS_SEARCH_USER_PATHS = NO;
				ASSETCATALOG_COMPILER_GENERATE_SWIFT_ASSET_SYMBOL_EXTENSIONS = YES;
				CLANG_ANALYZER_NONNULL = YES;
				CLANG_ANALYZER_NUMBER_OBJECT_CONVERSION = YES_AGGRESSIVE;
				CLANG_CXX_LANGUAGE_STANDARD = "gnu++20";
				CLANG_ENABLE_MODULES = YES;
				CLANG_ENABLE_OBJC_ARC = YES;
				CLANG_ENABLE_OBJC_WEAK = YES;
				CLANG_WARN_BLOCK_CAPTURE_AUTORELEASING = YES;
				CLANG_WARN_BOOL_CONVERSION = YES;
				CLANG_WARN_COMMA = YES;
				CLANG_WARN_CONSTANT_CONVERSION = YES;
				CLANG_WARN_DEPRECATED_OBJC_IMPLEMENTATIONS = YES;
				CLANG_WARN_DIRECT_OBJC_ISA_USAGE = YES_ERROR;
				CLANG_WARN_DOCUMENTATION_COMMENTS = YES;
				CLANG_WARN_EMPTY_BODY = YES;
				CLANG_WARN_ENUM_CONVERSION = YES;
				CLANG_WARN_INFINITE_RECURSION = YES;
				CLANG_WARN_INT_CONVERSION = YES;
				CLANG_WARN_NON_LITERAL_NULL_CONVERSION = YES;
				CLANG_WARN_OBJC_IMPLICIT_RETAIN_SELF = YES;
				CLANG_WARN_OBJC_LITERAL_CONVERSION = YES;
				CLANG_WARN_OBJC_ROOT_CLASS = YES_ERROR;
				CLANG_WARN_QUOTED_INCLUDE_IN_FRAMEWORK_HEADER = YES;
				CLANG_WARN_RANGE_LOOP_ANALYSIS = YES;
				CLANG_WARN_STRICT_PROTOTYPES = YES;
				CLANG_WARN_SUSPICIOUS_MOVE = YES;
				CLANG_WARN_UNGUARDED_AVAILABILITY = YES_AGGRESSIVE;
				CLANG_WARN_UNREACHABLE_CODE = YES;
				CLANG_WARN__DUPLICATE_METHOD_MATCH = YES;
				COPY_PHASE_STRIP = NO;
				DEBUG_INFORMATION_FORMAT = dwarf;
				ENABLE_STRICT_OBJC_MSGSEND = YES;
				ENABLE_TESTABILITY = YES;
				ENABLE_USER_SCRIPT_SANDBOXING = YES;
				GCC_C_LANGUAGE_STANDARD = gnu17;
				GCC_DYNAMIC_NO_PIC = NO;
				GCC_NO_COMMON_BLOCKS = YES;
				GCC_OPTIMIZATION_LEVEL = 0;
				GCC_PREPROCESSOR_DEFINITIONS = (
					"DEBUG=1",
					"$(inherited)",
				);
				GCC_WARN_64_TO_32_BIT_CONVERSION = YES;
				GCC_WARN_ABOUT_RETURN_TYPE = YES_ERROR;
				GCC_WARN_UNDECLARED_SELECTOR = YES;
				GCC_WARN_UNINITIALIZED_AUTOS = YES_AGGRESSIVE;
				GCC_WARN_UNUSED_FUNCTION = YES;
				GCC_WARN_UNUSED_VARIABLE = YES;
				IPHONEOS_DEPLOYMENT_TARGET = 16.6;
				LOCALIZATION_PREFERS_STRING_CATALOGS = YES;
				MTL_ENABLE_DEBUG_INFO = INCLUDE_SOURCE;
				MTL_FAST_MATH = YES;
				ONLY_ACTIVE_ARCH = YES;
				SDKROOT = iphoneos;
				SWIFT_ACTIVE_COMPILATION_CONDITIONS = "DEBUG $(inherited)";
				SWIFT_OPTIMIZATION_LEVEL = "-Onone";
			};
			name = Debug;
		};
		F96A11F72D81B2CF0083168A /* Release */ = {
			isa = XCBuildConfiguration;
			buildSettings = {
				ALWAYS_SEARCH_USER_PATHS = NO;
				ASSETCATALOG_COMPILER_GENERATE_SWIFT_ASSET_SYMBOL_EXTENSIONS = YES;
				CLANG_ANALYZER_NONNULL = YES;
				CLANG_ANALYZER_NUMBER_OBJECT_CONVERSION = YES_AGGRESSIVE;
				CLANG_CXX_LANGUAGE_STANDARD = "gnu++20";
				CLANG_ENABLE_MODULES = YES;
				CLANG_ENABLE_OBJC_ARC = YES;
				CLANG_ENABLE_OBJC_WEAK = YES;
				CLANG_WARN_BLOCK_CAPTURE_AUTORELEASING = YES;
				CLANG_WARN_BOOL_CONVERSION = YES;
				CLANG_WARN_COMMA = YES;
				CLANG_WARN_CONSTANT_CONVERSION = YES;
				CLANG_WARN_DEPRECATED_OBJC_IMPLEMENTATIONS = YES;
				CLANG_WARN_DIRECT_OBJC_ISA_USAGE = YES_ERROR;
				CLANG_WARN_DOCUMENTATION_COMMENTS = YES;
				CLANG_WARN_EMPTY_BODY = YES;
				CLANG_WARN_ENUM_CONVERSION = YES;
				CLANG_WARN_INFINITE_RECURSION = YES;
				CLANG_WARN_INT_CONVERSION = YES;
				CLANG_WARN_NON_LITERAL_NULL_CONVERSION = YES;
				CLANG_WARN_OBJC_IMPLICIT_RETAIN_SELF = YES;
				CLANG_WARN_OBJC_LITERAL_CONVERSION = YES;
				CLANG_WARN_OBJC_ROOT_CLASS = YES_ERROR;
				CLANG_WARN_QUOTED_INCLUDE_IN_FRAMEWORK_HEADER = YES;
				CLANG_WARN_RANGE_LOOP_ANALYSIS = YES;
				CLANG_WARN_STRICT_PROTOTYPES = YES;
				CLANG_WARN_SUSPICIOUS_MOVE = YES;
				CLANG_WARN_UNGUARDED_AVAILABILITY = YES_AGGRESSIVE;
				CLANG_WARN_UNREACHABLE_CODE = YES;
				CLANG_WARN__DUPLICATE_METHOD_MATCH = YES;
				COPY_PHASE_STRIP = NO;
				DEBUG_INFORMATION_FORMAT = "dwarf-with-dsym";
				ENABLE_NS_ASSERTIONS = NO;
				ENABLE_STRICT_OBJC_MSGSEND = YES;
				ENABLE_USER_SCRIPT_SANDBOXING = YES;
				GCC_C_LANGUAGE_STANDARD = gnu17;
				GCC_NO_COMMON_BLOCKS = YES;
				GCC_WARN_64_TO_32_BIT_CONVERSION = YES;
				GCC_WARN_ABOUT_RETURN_TYPE = YES_ERROR;
				GCC_WARN_UNDECLARED_SELECTOR = YES;
				GCC_WARN_UNINITIALIZED_AUTOS = YES_AGGRESSIVE;
				GCC_WARN_UNUSED_FUNCTION = YES;
				GCC_WARN_UNUSED_VARIABLE = YES;
				IPHONEOS_DEPLOYMENT_TARGET = 16.6;
				LOCALIZATION_PREFERS_STRING_CATALOGS = YES;
				MTL_ENABLE_DEBUG_INFO = NO;
				MTL_FAST_MATH = YES;
				SDKROOT = iphoneos;
				SWIFT_COMPILATION_MODE = wholemodule;
				VALIDATE_PRODUCT = YES;
			};
			name = Release;
		};
/* End XCBuildConfiguration section */

/* Begin XCConfigurationList section */
		F96A11D82D81B2CE0083168A /* Build configuration list for PBXProject "ToDoCat" */ = {
			isa = XCConfigurationList;
			buildConfigurations = (
				F96A11F62D81B2CF0083168A /* Debug */,
				F96A11F72D81B2CF0083168A /* Release */,
			);
			defaultConfigurationIsVisible = 0;
			defaultConfigurationName = Release;
		};
		F96A11F32D81B2CF0083168A /* Build configuration list for PBXNativeTarget "ToDoCat" */ = {
			isa = XCConfigurationList;
			buildConfigurations = (
				F96A11F42D81B2CF0083168A /* Debug */,
				F96A11F52D81B2CF0083168A /* Release */,
			);
			defaultConfigurationIsVisible = 0;
			defaultConfigurationName = Release;
		};
/* End XCConfigurationList section */
	};
	rootObject = F96A11D52D81B2CE0083168A /* Project object */;
}
